
Microsoft Visual Studio Solution File, Format Version 12.00
Project("{FAE04EC0-301F-11D3-BF4B-00C04F79EFBC}") = "NFA Convertor", "NFA Convertor\NFA Convertor.csproj", "{B58CAA72-4454-4BD7-A378-53AC108F4FEC}"
EndProject
Global
	GlobalSection(SolutionConfigurationPlatforms) = preSolution
		Debug|Any CPU = Debug|Any CPU
		Release|Any CPU = Release|Any CPU
	EndGlobalSection
	GlobalSection(ProjectConfigurationPlatforms) = postSolution
		{B58CAA72-4454-4BD7-A378-53AC108F4FEC}.Debug|Any CPU.ActiveCfg = Debug|Any CPU
		{B58CAA72-4454-4BD7-A378-53AC108F4FEC}.Debug|Any CPU.Build.0 = Debug|Any CPU
		{B58CAA72-4454-4BD7-A378-53AC108F4FEC}.Release|Any CPU.ActiveCfg = Release|Any CPU
		{B58CAA72-4454-4BD7-A378-53AC108F4FEC}.Release|Any CPU.Build.0 = Release|Any CPU
	EndGlobalSection
EndGlobal
